
Microsoft Visual Studio Solution File, Format Version 12.00
# Visual Studio 15
VisualStudioVersion = 15.0.27004.2008
MinimumVisualStudioVersion = 10.0.40219.1
Project("{FAE04EC0-301F-11D3-BF4B-00C04F79EFBC}") = "ConsoleApp7", "ConsoleApp7\ConsoleApp7.csproj", "{0058A0C7-C907-4DF5-B17A-F491C7B2DA9C}"
EndProject
Global
	GlobalSection(SolutionConfigurationPlatforms) = preSolution
		Debug|Any CPU = Debug|Any CPU
		Release|Any CPU = Release|Any CPU
	EndGlobalSection
	GlobalSection(ProjectConfigurationPlatforms) = postSolution
		{0058A0C7-C907-4DF5-B17A-F491C7B2DA9C}.Debug|Any CPU.ActiveCfg = Debug|Any CPU
		{0058A0C7-C907-4DF5-B17A-F491C7B2DA9C}.Debug|Any CPU.Build.0 = Debug|Any CPU
		{0058A0C7-C907-4DF5-B17A-F491C7B2DA9C}.Release|Any CPU.ActiveCfg = Release|Any CPU
		{0058A0C7-C907-4DF5-B17A-F491C7B2DA9C}.Release|Any CPU.Build.0 = Release|Any CPU
	EndGlobalSection
	GlobalSection(SolutionProperties) = preSolution
		HideSolutionNode = FALSE
	EndGlobalSection
	GlobalSection(ExtensibilityGlobals) = postSolution
		SolutionGuid = {ACFA6073-AC2D-4793-A34A-0D81C6A3F187}
	EndGlobalSection
EndGlobal
